
Microsoft Visual Studio Solution File, Format Version 12.00
# Visual Studio Version 17
VisualStudioVersion = 17.5.33530.505
MinimumVisualStudioVersion = 10.0.40219.1
Project("{FAE04EC0-301F-11D3-BF4B-00C04F79EFBC}") = "EnterpriseDevProj", "EnterpriseDevProj.csproj", "{86CC0F90-635C-42D0-9678-0449D065A699}"
EndProject
Global
	GlobalSection(SolutionConfigurationPlatforms) = preSolution
		Debug|Any CPU = Debug|Any CPU
		Release|Any CPU = Release|Any CPU
	EndGlobalSection
	GlobalSection(ProjectConfigurationPlatforms) = postSolution
		{86CC0F90-635C-42D0-9678-0449D065A699}.Debug|Any CPU.ActiveCfg = Debug|Any CPU
		{86CC0F90-635C-42D0-9678-0449D065A699}.Debug|Any CPU.Build.0 = Debug|Any CPU
		{86CC0F90-635C-42D0-9678-0449D065A699}.Release|Any CPU.ActiveCfg = Release|Any CPU
		{86CC0F90-635C-42D0-9678-0449D065A699}.Release|Any CPU.Build.0 = Release|Any CPU
	EndGlobalSection
	GlobalSection(SolutionProperties) = preSolution
		HideSolutionNode = FALSE
	EndGlobalSection
	GlobalSection(ExtensibilityGlobals) = postSolution
		SolutionGuid = {AF851D2F-0570-43E2-8AFE-C9F57A0084F5}
	EndGlobalSection
EndGlobal
